{
  "nodes": {
    "nixpkgs": {
      "locked": {
        "lastModified": 1724098845,
        "narHash": "sha256-D5HwjQw/02fuXbR4LCTo64koglP2j99hkDR79/3yLOE=",
        "rev": "f1bad50880bae73ff2d82fafc22010b4fc097a9c",
        "revCount": 634201,
        "type": "tarball",
        "url": "https://api.flakehub.com/f/pinned/NixOS/nixpkgs/0.2405.634201%2Brev-f1bad50880bae73ff2d82fafc22010b4fc097a9c/01917244-1592-7d57-aa82-b38668c74e9f/source.tar.gz"
      },
      "original": {
        "type": "tarball",
        "url": "https://flakehub.com/f/NixOS/nixpkgs/0.2405.%2A.tar.gz"
      }
    },
    "nixpkgs_2": {
      "locked": {
        "lastModified": 1718428119,
        "narHash": "sha256-WdWDpNaq6u1IPtxtYHHWpl5BmabtpmLnMAx0RdJ/vo8=",
        "owner": "NixOS",
        "repo": "nixpkgs",
        "rev": "e6cea36f83499eb4e9cd184c8a8e823296b50ad5",
        "type": "github"
      },
      "original": {
        "owner": "NixOS",
        "ref": "nixpkgs-unstable",
        "repo": "nixpkgs",
        "type": "github"
      }
    },
    "root": {
      "inputs": {
        "nixpkgs": "nixpkgs",
        "rust-overlay": "rust-overlay"
      }
    },
    "rust-overlay": {
      "inputs": {
        "nixpkgs": "nixpkgs_2"
      },
      "locked": {
        "lastModified": 1724206841,
        "narHash": "sha256-L8dKaX4T3k+TR2fEHCfGbH4UXdspovz/pj87iai9qmc=",
        "owner": "oxalica",
        "repo": "rust-overlay",
        "rev": "45e98fbd62c32e5927e952d2833fa1ba4fb35a61",
        "type": "github"
      },
      "original": {
        "owner": "oxalica",
        "repo": "rust-overlay",
        "type": "github"
      }
    }
  },
  "root": "root",
  "version": 7
}
